
Microsoft Visual Studio Solution File, Format Version 12.00
# Visual Studio Version 17
VisualStudioVersion = 17.14.36623.8 d17.14
MinimumVisualStudioVersion = 10.0.40219.1
Project("{FAE04EC0-301F-11D3-BF4B-00C04F79EFBC}") = "VectorDraw", "VectorDraw\VectorDraw.csproj", "{3BC5A90D-ED6C-417E-B439-890733EF86C9}"
EndProject
Global
	GlobalSection(SolutionConfigurationPlatforms) = preSolution
		Debug|Any CPU = Debug|Any CPU
		Release|Any CPU = Release|Any CPU
	EndGlobalSection
	GlobalSection(ProjectConfigurationPlatforms) = postSolution
		{3BC5A90D-ED6C-417E-B439-890733EF86C9}.Debug|Any CPU.ActiveCfg = Debug|Any CPU
		{3BC5A90D-ED6C-417E-B439-890733EF86C9}.Debug|Any CPU.Build.0 = Debug|Any CPU
		{3BC5A90D-ED6C-417E-B439-890733EF86C9}.Release|Any CPU.ActiveCfg = Release|Any CPU
		{3BC5A90D-ED6C-417E-B439-890733EF86C9}.Release|Any CPU.Build.0 = Release|Any CPU
	EndGlobalSection
	GlobalSection(SolutionProperties) = preSolution
		HideSolutionNode = FALSE
	EndGlobalSection
	GlobalSection(ExtensibilityGlobals) = postSolution
		SolutionGuid = {1B90D2AE-1A0E-4070-8D58-490AAD467951}
	EndGlobalSection
EndGlobal
